
Microsoft Visual Studio Solution File, Format Version 12.00
# Visual Studio Version 17
VisualStudioVersion = 17.10.35122.118
MinimumVisualStudioVersion = 10.0.40219.1
Project("{FAE04EC0-301F-11D3-BF4B-00C04F79EFBC}") = "Funciones_Tuplas2", "Funciones_Tuplas2.csproj", "{50F5A498-25E2-4D94-952D-FF84E63CA73D}"
EndProject
Global
	GlobalSection(SolutionConfigurationPlatforms) = preSolution
		Debug|Any CPU = Debug|Any CPU
		Release|Any CPU = Release|Any CPU
	EndGlobalSection
	GlobalSection(ProjectConfigurationPlatforms) = postSolution
		{50F5A498-25E2-4D94-952D-FF84E63CA73D}.Debug|Any CPU.ActiveCfg = Debug|Any CPU
		{50F5A498-25E2-4D94-952D-FF84E63CA73D}.Debug|Any CPU.Build.0 = Debug|Any CPU
		{50F5A498-25E2-4D94-952D-FF84E63CA73D}.Release|Any CPU.ActiveCfg = Release|Any CPU
		{50F5A498-25E2-4D94-952D-FF84E63CA73D}.Release|Any CPU.Build.0 = Release|Any CPU
	EndGlobalSection
	GlobalSection(SolutionProperties) = preSolution
		HideSolutionNode = FALSE
	EndGlobalSection
	GlobalSection(ExtensibilityGlobals) = postSolution
		SolutionGuid = {7AF85ACB-50F7-4DF8-8FC1-AE23728EBF3B}
	EndGlobalSection
EndGlobal
