
Microsoft Visual Studio Solution File, Format Version 12.00
# Visual Studio Version 17
VisualStudioVersion = 17.10.35122.118
MinimumVisualStudioVersion = 10.0.40219.1
Project("{FAE04EC0-301F-11D3-BF4B-00C04F79EFBC}") = "PruebaInstalacion", "PruebaInstalacion.csproj", "{A6BC0A52-99A1-46A1-BBF5-BC2790E8BAC6}"
EndProject
Global
	GlobalSection(SolutionConfigurationPlatforms) = preSolution
		Debug|Any CPU = Debug|Any CPU
		Release|Any CPU = Release|Any CPU
	EndGlobalSection
	GlobalSection(ProjectConfigurationPlatforms) = postSolution
		{A6BC0A52-99A1-46A1-BBF5-BC2790E8BAC6}.Debug|Any CPU.ActiveCfg = Debug|Any CPU
		{A6BC0A52-99A1-46A1-BBF5-BC2790E8BAC6}.Debug|Any CPU.Build.0 = Debug|Any CPU
		{A6BC0A52-99A1-46A1-BBF5-BC2790E8BAC6}.Release|Any CPU.ActiveCfg = Release|Any CPU
		{A6BC0A52-99A1-46A1-BBF5-BC2790E8BAC6}.Release|Any CPU.Build.0 = Release|Any CPU
	EndGlobalSection
	GlobalSection(SolutionProperties) = preSolution
		HideSolutionNode = FALSE
	EndGlobalSection
	GlobalSection(ExtensibilityGlobals) = postSolution
		SolutionGuid = {81047DC2-39C6-4CB2-81B1-B10A4CBA2AD6}
	EndGlobalSection
EndGlobal
