
Microsoft Visual Studio Solution File, Format Version 12.00
# Visual Studio Version 17
VisualStudioVersion = 17.10.34928.147
MinimumVisualStudioVersion = 10.0.40219.1
Project("{FAE04EC0-301F-11D3-BF4B-00C04F79EFBC}") = "Colecciones2", "Colecciones2\Colecciones2.csproj", "{C30EB66D-CD88-48DD-AFC4-FDA85A97ECCA}"
EndProject
Global
	GlobalSection(SolutionConfigurationPlatforms) = preSolution
		Debug|Any CPU = Debug|Any CPU
		Release|Any CPU = Release|Any CPU
	EndGlobalSection
	GlobalSection(ProjectConfigurationPlatforms) = postSolution
		{C30EB66D-CD88-48DD-AFC4-FDA85A97ECCA}.Debug|Any CPU.ActiveCfg = Debug|Any CPU
		{C30EB66D-CD88-48DD-AFC4-FDA85A97ECCA}.Debug|Any CPU.Build.0 = Debug|Any CPU
		{C30EB66D-CD88-48DD-AFC4-FDA85A97ECCA}.Release|Any CPU.ActiveCfg = Release|Any CPU
		{C30EB66D-CD88-48DD-AFC4-FDA85A97ECCA}.Release|Any CPU.Build.0 = Release|Any CPU
	EndGlobalSection
	GlobalSection(SolutionProperties) = preSolution
		HideSolutionNode = FALSE
	EndGlobalSection
	GlobalSection(ExtensibilityGlobals) = postSolution
		SolutionGuid = {E97D1E3E-80E6-4B3A-BEBF-C2E2B032A1A0}
	EndGlobalSection
EndGlobal
