
Microsoft Visual Studio Solution File, Format Version 12.00
# Visual Studio Version 17
VisualStudioVersion = 17.10.35122.118
MinimumVisualStudioVersion = 10.0.40219.1
Project("{FAE04EC0-301F-11D3-BF4B-00C04F79EFBC}") = "Controles_Interactivos_IU", "Controles_Interactivos_IU.csproj", "{7593E87B-593E-4B47-833D-3734904F4600}"
EndProject
Global
	GlobalSection(SolutionConfigurationPlatforms) = preSolution
		Debug|Any CPU = Debug|Any CPU
		Release|Any CPU = Release|Any CPU
	EndGlobalSection
	GlobalSection(ProjectConfigurationPlatforms) = postSolution
		{7593E87B-593E-4B47-833D-3734904F4600}.Debug|Any CPU.ActiveCfg = Debug|Any CPU
		{7593E87B-593E-4B47-833D-3734904F4600}.Debug|Any CPU.Build.0 = Debug|Any CPU
		{7593E87B-593E-4B47-833D-3734904F4600}.Release|Any CPU.ActiveCfg = Release|Any CPU
		{7593E87B-593E-4B47-833D-3734904F4600}.Release|Any CPU.Build.0 = Release|Any CPU
	EndGlobalSection
	GlobalSection(SolutionProperties) = preSolution
		HideSolutionNode = FALSE
	EndGlobalSection
	GlobalSection(ExtensibilityGlobals) = postSolution
		SolutionGuid = {BD3ED4A6-E2D5-408E-8F0D-41955B279793}
	EndGlobalSection
EndGlobal
